// !$*UTF8*$!
{
	archiveVersion = 1;
	classes = {
	};
	objectVersion = 56;
	objects = {

/* Begin PBXBuildFile section */
		4E322C372A717A8D00A51D08 /* CacheManager.swift in Sources */ = {isa = PBXBuildFile; fileRef = 4E322C362A717A8D00A51D08 /* CacheManager.swift */; };
		4E322C392A717AAD00A51D08 /* NetworkManager.swift in Sources */ = {isa = PBXBuildFile; fileRef = 4E322C382A717AAD00A51D08 /* NetworkManager.swift */; };
		4E322C3B2A717ACD00A51D08 /* UIImageView.swift in Sources */ = {isa = PBXBuildFile; fileRef = 4E322C3A2A717ACD00A51D08 /* UIImageView.swift */; };
		4E322C3D2A717B1000A51D08 /* CharacterDTO.swift in Sources */ = {isa = PBXBuildFile; fileRef = 4E322C3C2A717B1000A51D08 /* CharacterDTO.swift */; };
		4E322C402A717CC500A51D08 /* CharacterRepository.swift in Sources */ = {isa = PBXBuildFile; fileRef = 4E322C3F2A717CC500A51D08 /* CharacterRepository.swift */; };
		4E322C422A717D0A00A51D08 /* Character.swift in Sources */ = {isa = PBXBuildFile; fileRef = 4E322C412A717D0A00A51D08 /* Character.swift */; };
		4E322C462A7181C300A51D08 /* HomeViewController.swift in Sources */ = {isa = PBXBuildFile; fileRef = 4E322C452A7181C300A51D08 /* HomeViewController.swift */; };
		4E322C482A7181D900A51D08 /* HomeViewModel.swift in Sources */ = {isa = PBXBuildFile; fileRef = 4E322C472A7181D900A51D08 /* HomeViewModel.swift */; };
		4E322C4A2A71828B00A51D08 /* HomeBuilder.swift in Sources */ = {isa = PBXBuildFile; fileRef = 4E322C492A71828B00A51D08 /* HomeBuilder.swift */; };
		4E322C4C2A71829B00A51D08 /* HomeRouter.swift in Sources */ = {isa = PBXBuildFile; fileRef = 4E322C4B2A71829B00A51D08 /* HomeRouter.swift */; };
		4E322C4E2A7182AF00A51D08 /* HomeProtocols.swift in Sources */ = {isa = PBXBuildFile; fileRef = 4E322C4D2A7182AF00A51D08 /* HomeProtocols.swift */; };
		4E322C502A71901100A51D08 /* HomeViewController.xib in Resources */ = {isa = PBXBuildFile; fileRef = 4E322C4F2A71901100A51D08 /* HomeViewController.xib */; };
		4E322C552A7190A100A51D08 /* CharacterCell.xib in Resources */ = {isa = PBXBuildFile; fileRef = 4E322C532A7190A100A51D08 /* CharacterCell.xib */; };
		4E322C562A7190A100A51D08 /* CharacterCell.swift in Sources */ = {isa = PBXBuildFile; fileRef = 4E322C542A7190A100A51D08 /* CharacterCell.swift */; };
		4E52DDDF2A713EB600317B7B /* AppDelegate.swift in Sources */ = {isa = PBXBuildFile; fileRef = 4E52DDDE2A713EB600317B7B /* AppDelegate.swift */; };
		4E52DDE12A713EB600317B7B /* SceneDelegate.swift in Sources */ = {isa = PBXBuildFile; fileRef = 4E52DDE02A713EB600317B7B /* SceneDelegate.swift */; };
		4E52DDE82A713EB800317B7B /* Assets.xcassets in Resources */ = {isa = PBXBuildFile; fileRef = 4E52DDE72A713EB800317B7B /* Assets.xcassets */; };
		4E52DDEB2A713EB800317B7B /* LaunchScreen.storyboard in Resources */ = {isa = PBXBuildFile; fileRef = 4E52DDE92A713EB800317B7B /* LaunchScreen.storyboard */; };
		4E52DDF62A713EB800317B7B /* RMCodeTestTests.swift in Sources */ = {isa = PBXBuildFile; fileRef = 4E52DDF52A713EB800317B7B /* RMCodeTestTests.swift */; };
		4E52DE002A713EB800317B7B /* RMCodeTestUITests.swift in Sources */ = {isa = PBXBuildFile; fileRef = 4E52DDFF2A713EB800317B7B /* RMCodeTestUITests.swift */; };
		4E52DE022A713EB800317B7B /* RMCodeTestUITestsLaunchTests.swift in Sources */ = {isa = PBXBuildFile; fileRef = 4E52DE012A713EB800317B7B /* RMCodeTestUITestsLaunchTests.swift */; };
		4E52DE1C2A7145B200317B7B /* CharacterUseCase.swift in Sources */ = {isa = PBXBuildFile; fileRef = 4E52DE1B2A7145B200317B7B /* CharacterUseCase.swift */; };
		4E52DE1E2A7145C200317B7B /* Pagination.swift in Sources */ = {isa = PBXBuildFile; fileRef = 4E52DE1D2A7145C200317B7B /* Pagination.swift */; };
		4E52DE242A71480300317B7B /* CharacterDatasourceProtocol.swift in Sources */ = {isa = PBXBuildFile; fileRef = 4E52DE232A71480200317B7B /* CharacterDatasourceProtocol.swift */; };
		4E52DE262A71481D00317B7B /* CharacterLocalDatasource.swift in Sources */ = {isa = PBXBuildFile; fileRef = 4E52DE252A71481D00317B7B /* CharacterLocalDatasource.swift */; };
		4E52DE282A71492000317B7B /* CharacterNetworkDatasource.swift in Sources */ = {isa = PBXBuildFile; fileRef = 4E52DE272A71492000317B7B /* CharacterNetworkDatasource.swift */; };
		4E52DE2B2A71493800317B7B /* PaginationDTO.swift in Sources */ = {isa = PBXBuildFile; fileRef = 4E52DE2A2A71493800317B7B /* PaginationDTO.swift */; };
		4E52DE2D2A71494900317B7B /* Container.swift in Sources */ = {isa = PBXBuildFile; fileRef = 4E52DE2C2A71494900317B7B /* Container.swift */; };
		4E52DE2F2A714B0B00317B7B /* BaseViewController.swift in Sources */ = {isa = PBXBuildFile; fileRef = 4E52DE2E2A714B0B00317B7B /* BaseViewController.swift */; };
		4E52DE312A714B2300317B7B /* BuilderProtocol.swift in Sources */ = {isa = PBXBuildFile; fileRef = 4E52DE302A714B2300317B7B /* BuilderProtocol.swift */; };
		4E52DE332A714B3D00317B7B /* ViewModelProtocol.swift in Sources */ = {isa = PBXBuildFile; fileRef = 4E52DE322A714B3D00317B7B /* ViewModelProtocol.swift */; };
/* End PBXBuildFile section */

/* Begin PBXContainerItemProxy section */
		4E52DDF22A713EB800317B7B /* PBXContainerItemProxy */ = {
			isa = PBXContainerItemProxy;
			containerPortal = 4E52DDD32A713EB600317B7B /* Project object */;
			proxyType = 1;
			remoteGlobalIDString = 4E52DDDA2A713EB600317B7B;
			remoteInfo = RMCodeTest;
		};
		4E52DDFC2A713EB800317B7B /* PBXContainerItemProxy */ = {
			isa = PBXContainerItemProxy;
			containerPortal = 4E52DDD32A713EB600317B7B /* Project object */;
			proxyType = 1;
			remoteGlobalIDString = 4E52DDDA2A713EB600317B7B;
			remoteInfo = RMCodeTest;
		};
/* End PBXContainerItemProxy section */

/* Begin PBXFileReference section */
		4E322C362A717A8D00A51D08 /* CacheManager.swift */ = {isa = PBXFileReference; lastKnownFileType = sourcecode.swift; path = CacheManager.swift; sourceTree = "<group>"; };
		4E322C382A717AAD00A51D08 /* NetworkManager.swift */ = {isa = PBXFileReference; lastKnownFileType = sourcecode.swift; path = NetworkManager.swift; sourceTree = "<group>"; };
		4E322C3A2A717ACD00A51D08 /* UIImageView.swift */ = {isa = PBXFileReference; lastKnownFileType = sourcecode.swift; path = UIImageView.swift; sourceTree = "<group>"; };
		4E322C3C2A717B1000A51D08 /* CharacterDTO.swift */ = {isa = PBXFileReference; lastKnownFileType = sourcecode.swift; path = CharacterDTO.swift; sourceTree = "<group>"; };
		4E322C3F2A717CC500A51D08 /* CharacterRepository.swift */ = {isa = PBXFileReference; lastKnownFileType = sourcecode.swift; path = CharacterRepository.swift; sourceTree = "<group>"; };
		4E322C412A717D0A00A51D08 /* Character.swift */ = {isa = PBXFileReference; lastKnownFileType = sourcecode.swift; path = Character.swift; sourceTree = "<group>"; };
		4E322C452A7181C300A51D08 /* HomeViewController.swift */ = {isa = PBXFileReference; lastKnownFileType = sourcecode.swift; path = HomeViewController.swift; sourceTree = "<group>"; };
		4E322C472A7181D900A51D08 /* HomeViewModel.swift */ = {isa = PBXFileReference; lastKnownFileType = sourcecode.swift; path = HomeViewModel.swift; sourceTree = "<group>"; };
		4E322C492A71828B00A51D08 /* HomeBuilder.swift */ = {isa = PBXFileReference; lastKnownFileType = sourcecode.swift; path = HomeBuilder.swift; sourceTree = "<group>"; };
		4E322C4B2A71829B00A51D08 /* HomeRouter.swift */ = {isa = PBXFileReference; lastKnownFileType = sourcecode.swift; path = HomeRouter.swift; sourceTree = "<group>"; };
		4E322C4D2A7182AF00A51D08 /* HomeProtocols.swift */ = {isa = PBXFileReference; lastKnownFileType = sourcecode.swift; path = HomeProtocols.swift; sourceTree = "<group>"; };
		4E322C4F2A71901100A51D08 /* HomeViewController.xib */ = {isa = PBXFileReference; fileEncoding = 4; lastKnownFileType = file.xib; path = HomeViewController.xib; sourceTree = "<group>"; };
		4E322C532A7190A100A51D08 /* CharacterCell.xib */ = {isa = PBXFileReference; fileEncoding = 4; lastKnownFileType = file.xib; path = CharacterCell.xib; sourceTree = "<group>"; };
		4E322C542A7190A100A51D08 /* CharacterCell.swift */ = {isa = PBXFileReference; fileEncoding = 4; lastKnownFileType = sourcecode.swift; path = CharacterCell.swift; sourceTree = "<group>"; };
		4E52DDDB2A713EB600317B7B /* RMCodeTest.app */ = {isa = PBXFileReference; explicitFileType = wrapper.application; includeInIndex = 0; path = RMCodeTest.app; sourceTree = BUILT_PRODUCTS_DIR; };
		4E52DDDE2A713EB600317B7B /* AppDelegate.swift */ = {isa = PBXFileReference; lastKnownFileType = sourcecode.swift; path = AppDelegate.swift; sourceTree = "<group>"; };
		4E52DDE02A713EB600317B7B /* SceneDelegate.swift */ = {isa = PBXFileReference; lastKnownFileType = sourcecode.swift; path = SceneDelegate.swift; sourceTree = "<group>"; };
		4E52DDE72A713EB800317B7B /* Assets.xcassets */ = {isa = PBXFileReference; lastKnownFileType = folder.assetcatalog; path = Assets.xcassets; sourceTree = "<group>"; };
		4E52DDEA2A713EB800317B7B /* Base */ = {isa = PBXFileReference; lastKnownFileType = file.storyboard; name = Base; path = Base.lproj/LaunchScreen.storyboard; sourceTree = "<group>"; };
		4E52DDEC2A713EB800317B7B /* Info.plist */ = {isa = PBXFileReference; lastKnownFileType = text.plist.xml; path = Info.plist; sourceTree = "<group>"; };
		4E52DDF12A713EB800317B7B /* RMCodeTestTests.xctest */ = {isa = PBXFileReference; explicitFileType = wrapper.cfbundle; includeInIndex = 0; path = RMCodeTestTests.xctest; sourceTree = BUILT_PRODUCTS_DIR; };
		4E52DDF52A713EB800317B7B /* RMCodeTestTests.swift */ = {isa = PBXFileReference; lastKnownFileType = sourcecode.swift; path = RMCodeTestTests.swift; sourceTree = "<group>"; };
		4E52DDFB2A713EB800317B7B /* RMCodeTestUITests.xctest */ = {isa = PBXFileReference; explicitFileType = wrapper.cfbundle; includeInIndex = 0; path = RMCodeTestUITests.xctest; sourceTree = BUILT_PRODUCTS_DIR; };
		4E52DDFF2A713EB800317B7B /* RMCodeTestUITests.swift */ = {isa = PBXFileReference; lastKnownFileType = sourcecode.swift; path = RMCodeTestUITests.swift; sourceTree = "<group>"; };
		4E52DE012A713EB800317B7B /* RMCodeTestUITestsLaunchTests.swift */ = {isa = PBXFileReference; lastKnownFileType = sourcecode.swift; path = RMCodeTestUITestsLaunchTests.swift; sourceTree = "<group>"; };
		4E52DE1B2A7145B200317B7B /* CharacterUseCase.swift */ = {isa = PBXFileReference; lastKnownFileType = sourcecode.swift; path = CharacterUseCase.swift; sourceTree = "<group>"; };
		4E52DE1D2A7145C200317B7B /* Pagination.swift */ = {isa = PBXFileReference; lastKnownFileType = sourcecode.swift; path = Pagination.swift; sourceTree = "<group>"; };
		4E52DE232A71480200317B7B /* CharacterDatasourceProtocol.swift */ = {isa = PBXFileReference; lastKnownFileType = sourcecode.swift; path = CharacterDatasourceProtocol.swift; sourceTree = "<group>"; };
		4E52DE252A71481D00317B7B /* CharacterLocalDatasource.swift */ = {isa = PBXFileReference; lastKnownFileType = sourcecode.swift; path = CharacterLocalDatasource.swift; sourceTree = "<group>"; };
		4E52DE272A71492000317B7B /* CharacterNetworkDatasource.swift */ = {isa = PBXFileReference; lastKnownFileType = sourcecode.swift; path = CharacterNetworkDatasource.swift; sourceTree = "<group>"; };
		4E52DE2A2A71493800317B7B /* PaginationDTO.swift */ = {isa = PBXFileReference; lastKnownFileType = sourcecode.swift; path = PaginationDTO.swift; sourceTree = "<group>"; };
		4E52DE2C2A71494900317B7B /* Container.swift */ = {isa = PBXFileReference; lastKnownFileType = sourcecode.swift; path = Container.swift; sourceTree = "<group>"; };
		4E52DE2E2A714B0B00317B7B /* BaseViewController.swift */ = {isa = PBXFileReference; lastKnownFileType = sourcecode.swift; path = BaseViewController.swift; sourceTree = "<group>"; };
		4E52DE302A714B2300317B7B /* BuilderProtocol.swift */ = {isa = PBXFileReference; lastKnownFileType = sourcecode.swift; path = BuilderProtocol.swift; sourceTree = "<group>"; };
		4E52DE322A714B3D00317B7B /* ViewModelProtocol.swift */ = {isa = PBXFileReference; lastKnownFileType = sourcecode.swift; path = ViewModelProtocol.swift; sourceTree = "<group>"; };
/* End PBXFileReference section */

/* Begin PBXFrameworksBuildPhase section */
		4E52DDD82A713EB600317B7B /* Frameworks */ = {
			isa = PBXFrameworksBuildPhase;
			buildActionMask = 2147483647;
			files = (
			);
			runOnlyForDeploymentPostprocessing = 0;
		};
		4E52DDEE2A713EB800317B7B /* Frameworks */ = {
			isa = PBXFrameworksBuildPhase;
			buildActionMask = 2147483647;
			files = (
			);
			runOnlyForDeploymentPostprocessing = 0;
		};
		4E52DDF82A713EB800317B7B /* Frameworks */ = {
			isa = PBXFrameworksBuildPhase;
			buildActionMask = 2147483647;
			files = (
			);
			runOnlyForDeploymentPostprocessing = 0;
		};
/* End PBXFrameworksBuildPhase section */

/* Begin PBXGroup section */
		4E322C3E2A717CAB00A51D08 /* Repository */ = {
			isa = PBXGroup;
			children = (
				4E322C3F2A717CC500A51D08 /* CharacterRepository.swift */,
			);
			path = Repository;
			sourceTree = "<group>";
		};
		4E322C512A71904F00A51D08 /* Cell */ = {
			isa = PBXGroup;
			children = (
				4E322C522A71905A00A51D08 /* CharacterCell */,
			);
			path = Cell;
			sourceTree = "<group>";
		};
		4E322C522A71905A00A51D08 /* CharacterCell */ = {
			isa = PBXGroup;
			children = (
				4E322C542A7190A100A51D08 /* CharacterCell.swift */,
				4E322C532A7190A100A51D08 /* CharacterCell.xib */,
			);
			path = CharacterCell;
			sourceTree = "<group>";
		};
		4E52DDD22A713EB600317B7B = {
			isa = PBXGroup;
			children = (
				4E52DDDD2A713EB600317B7B /* RMCodeTest */,
				4E52DDF42A713EB800317B7B /* RMCodeTestTests */,
				4E52DDFE2A713EB800317B7B /* RMCodeTestUITests */,
				4E52DDDC2A713EB600317B7B /* Products */,
			);
			sourceTree = "<group>";
		};
		4E52DDDC2A713EB600317B7B /* Products */ = {
			isa = PBXGroup;
			children = (
				4E52DDDB2A713EB600317B7B /* RMCodeTest.app */,
				4E52DDF12A713EB800317B7B /* RMCodeTestTests.xctest */,
				4E52DDFB2A713EB800317B7B /* RMCodeTestUITests.xctest */,
			);
			name = Products;
			sourceTree = "<group>";
		};
		4E52DDDD2A713EB600317B7B /* RMCodeTest */ = {
			isa = PBXGroup;
			children = (
				4E52DE0E2A7141FC00317B7B /* Helper */,
				4E52DE0F2A71420700317B7B /* Manager */,
				4E52DE102A71421100317B7B /* Core */,
				4E52DE112A71421B00317B7B /* DI */,
				4E52DE122A71422200317B7B /* Data */,
				4E52DE132A71422E00317B7B /* Domain */,
				4E52DE142A71423600317B7B /* Presentation */,
				4E52DE152A71424300317B7B /* Resources */,
			);
			path = RMCodeTest;
			sourceTree = "<group>";
		};
		4E52DDF42A713EB800317B7B /* RMCodeTestTests */ = {
			isa = PBXGroup;
			children = (
				4E52DDF52A713EB800317B7B /* RMCodeTestTests.swift */,
			);
			path = RMCodeTestTests;
			sourceTree = "<group>";
		};
		4E52DDFE2A713EB800317B7B /* RMCodeTestUITests */ = {
			isa = PBXGroup;
			children = (
				4E52DDFF2A713EB800317B7B /* RMCodeTestUITests.swift */,
				4E52DE012A713EB800317B7B /* RMCodeTestUITestsLaunchTests.swift */,
			);
			path = RMCodeTestUITests;
			sourceTree = "<group>";
		};
		4E52DE0E2A7141FC00317B7B /* Helper */ = {
			isa = PBXGroup;
			children = (
				4E322C3A2A717ACD00A51D08 /* UIImageView.swift */,
			);
			path = Helper;
			sourceTree = "<group>";
		};
		4E52DE0F2A71420700317B7B /* Manager */ = {
			isa = PBXGroup;
			children = (
				4E322C362A717A8D00A51D08 /* CacheManager.swift */,
				4E322C382A717AAD00A51D08 /* NetworkManager.swift */,
			);
			path = Manager;
			sourceTree = "<group>";
		};
		4E52DE102A71421100317B7B /* Core */ = {
			isa = PBXGroup;
			children = (
				4E52DE2E2A714B0B00317B7B /* BaseViewController.swift */,
				4E52DE302A714B2300317B7B /* BuilderProtocol.swift */,
				4E52DE322A714B3D00317B7B /* ViewModelProtocol.swift */,
			);
			path = Core;
			sourceTree = "<group>";
		};
		4E52DE112A71421B00317B7B /* DI */ = {
			isa = PBXGroup;
			children = (
				4E52DE2C2A71494900317B7B /* Container.swift */,
			);
			path = DI;
			sourceTree = "<group>";
		};
		4E52DE122A71422200317B7B /* Data */ = {
			isa = PBXGroup;
			children = (
				4E322C3E2A717CAB00A51D08 /* Repository */,
				4E52DE1F2A71475700317B7B /* Datasource */,
				4E52DE292A71492600317B7B /* DTO */,
			);
			path = Data;
			sourceTree = "<group>";
		};
		4E52DE132A71422E00317B7B /* Domain */ = {
			isa = PBXGroup;
			children = (
				4E52DE192A71458700317B7B /* UseCase */,
				4E52DE1A2A71458F00317B7B /* Entity */,
			);
			path = Domain;
			sourceTree = "<group>";
		};
		4E52DE142A71423600317B7B /* Presentation */ = {
			isa = PBXGroup;
			children = (
				4E52DE162A71427F00317B7B /* App */,
				4E52DE172A71428700317B7B /* Modules */,
			);
			path = Presentation;
			sourceTree = "<group>";
		};
		4E52DE152A71424300317B7B /* Resources */ = {
			isa = PBXGroup;
			children = (
				4E52DDE92A713EB800317B7B /* LaunchScreen.storyboard */,
				4E52DDE72A713EB800317B7B /* Assets.xcassets */,
				4E52DDEC2A713EB800317B7B /* Info.plist */,
			);
			path = Resources;
			sourceTree = "<group>";
		};
		4E52DE162A71427F00317B7B /* App */ = {
			isa = PBXGroup;
			children = (
				4E52DDE02A713EB600317B7B /* SceneDelegate.swift */,
				4E52DDDE2A713EB600317B7B /* AppDelegate.swift */,
			);
			path = App;
			sourceTree = "<group>";
		};
		4E52DE172A71428700317B7B /* Modules */ = {
			isa = PBXGroup;
			children = (
				4E52DE182A71429200317B7B /* Home */,
			);
			path = Modules;
			sourceTree = "<group>";
		};
		4E52DE182A71429200317B7B /* Home */ = {
			isa = PBXGroup;
			children = (
				4E322C512A71904F00A51D08 /* Cell */,
				4E322C4F2A71901100A51D08 /* HomeViewController.xib */,
				4E322C452A7181C300A51D08 /* HomeViewController.swift */,
				4E322C472A7181D900A51D08 /* HomeViewModel.swift */,
				4E322C492A71828B00A51D08 /* HomeBuilder.swift */,
				4E322C4B2A71829B00A51D08 /* HomeRouter.swift */,
				4E322C4D2A7182AF00A51D08 /* HomeProtocols.swift */,
			);
			path = Home;
			sourceTree = "<group>";
		};
		4E52DE192A71458700317B7B /* UseCase */ = {
			isa = PBXGroup;
			children = (
				4E52DE1B2A7145B200317B7B /* CharacterUseCase.swift */,
			);
			path = UseCase;
			sourceTree = "<group>";
		};
		4E52DE1A2A71458F00317B7B /* Entity */ = {
			isa = PBXGroup;
			children = (
				4E52DE1D2A7145C200317B7B /* Pagination.swift */,
				4E322C412A717D0A00A51D08 /* Character.swift */,
			);
			path = Entity;
			sourceTree = "<group>";
		};
		4E52DE1F2A71475700317B7B /* Datasource */ = {
			isa = PBXGroup;
			children = (
				4E52DE202A71476100317B7B /* Protocol */,
				4E52DE222A71476D00317B7B /* Local */,
				4E52DE212A71476800317B7B /* Network */,
			);
			path = Datasource;
			sourceTree = "<group>";
		};
		4E52DE202A71476100317B7B /* Protocol */ = {
			isa = PBXGroup;
			children = (
				4E52DE232A71480200317B7B /* CharacterDatasourceProtocol.swift */,
			);
			path = Protocol;
			sourceTree = "<group>";
		};
		4E52DE212A71476800317B7B /* Network */ = {
			isa = PBXGroup;
			children = (
				4E52DE272A71492000317B7B /* CharacterNetworkDatasource.swift */,
			);
			path = Network;
			sourceTree = "<group>";
		};
		4E52DE222A71476D00317B7B /* Local */ = {
			isa = PBXGroup;
			children = (
				4E52DE252A71481D00317B7B /* CharacterLocalDatasource.swift */,
			);
			path = Local;
			sourceTree = "<group>";
		};
		4E52DE292A71492600317B7B /* DTO */ = {
			isa = PBXGroup;
			children = (
				4E52DE2A2A71493800317B7B /* PaginationDTO.swift */,
				4E322C3C2A717B1000A51D08 /* CharacterDTO.swift */,
			);
			path = DTO;
			sourceTree = "<group>";
		};
/* End PBXGroup section */

/* Begin PBXNativeTarget section */
		4E52DDDA2A713EB600317B7B /* RMCodeTest */ = {
			isa = PBXNativeTarget;
			buildConfigurationList = 4E52DE052A713EB800317B7B /* Build configuration list for PBXNativeTarget "RMCodeTest" */;
			buildPhases = (
				4E52DDD72A713EB600317B7B /* Sources */,
				4E52DDD82A713EB600317B7B /* Frameworks */,
				4E52DDD92A713EB600317B7B /* Resources */,
			);
			buildRules = (
			);
			dependencies = (
			);
			name = RMCodeTest;
			productName = RMCodeTest;
			productReference = 4E52DDDB2A713EB600317B7B /* RMCodeTest.app */;
			productType = "com.apple.product-type.application";
		};
		4E52DDF02A713EB800317B7B /* RMCodeTestTests */ = {
			isa = PBXNativeTarget;
			buildConfigurationList = 4E52DE082A713EB800317B7B /* Build configuration list for PBXNativeTarget "RMCodeTestTests" */;
			buildPhases = (
				4E52DDED2A713EB800317B7B /* Sources */,
				4E52DDEE2A713EB800317B7B /* Frameworks */,
				4E52DDEF2A713EB800317B7B /* Resources */,
			);
			buildRules = (
			);
			dependencies = (
				4E52DDF32A713EB800317B7B /* PBXTargetDependency */,
			);
			name = RMCodeTestTests;
			productName = RMCodeTestTests;
			productReference = 4E52DDF12A713EB800317B7B /* RMCodeTestTests.xctest */;
			productType = "com.apple.product-type.bundle.unit-test";
		};
		4E52DDFA2A713EB800317B7B /* RMCodeTestUITests */ = {
			isa = PBXNativeTarget;
			buildConfigurationList = 4E52DE0B2A713EB800317B7B /* Build configuration list for PBXNativeTarget "RMCodeTestUITests" */;
			buildPhases = (
				4E52DDF72A713EB800317B7B /* Sources */,
				4E52DDF82A713EB800317B7B /* Frameworks */,
				4E52DDF92A713EB800317B7B /* Resources */,
			);
			buildRules = (
			);
			dependencies = (
				4E52DDFD2A713EB800317B7B /* PBXTargetDependency */,
			);
			name = RMCodeTestUITests;
			productName = RMCodeTestUITests;
			productReference = 4E52DDFB2A713EB800317B7B /* RMCodeTestUITests.xctest */;
			productType = "com.apple.product-type.bundle.ui-testing";
		};
/* End PBXNativeTarget section */

/* Begin PBXProject section */
		4E52DDD32A713EB600317B7B /* Project object */ = {
			isa = PBXProject;
			attributes = {
				BuildIndependentTargetsInParallel = 1;
				LastSwiftUpdateCheck = 1430;
				LastUpgradeCheck = 1430;
				TargetAttributes = {
					4E52DDDA2A713EB600317B7B = {
						CreatedOnToolsVersion = 14.3;
					};
					4E52DDF02A713EB800317B7B = {
						CreatedOnToolsVersion = 14.3;
						TestTargetID = 4E52DDDA2A713EB600317B7B;
					};
					4E52DDFA2A713EB800317B7B = {
						CreatedOnToolsVersion = 14.3;
						TestTargetID = 4E52DDDA2A713EB600317B7B;
					};
				};
			};
			buildConfigurationList = 4E52DDD62A713EB600317B7B /* Build configuration list for PBXProject "RMCodeTest" */;
			compatibilityVersion = "Xcode 14.0";
			developmentRegion = en;
			hasScannedForEncodings = 0;
			knownRegions = (
				en,
				Base,
			);
			mainGroup = 4E52DDD22A713EB600317B7B;
			productRefGroup = 4E52DDDC2A713EB600317B7B /* Products */;
			projectDirPath = "";
			projectRoot = "";
			targets = (
				4E52DDDA2A713EB600317B7B /* RMCodeTest */,
				4E52DDF02A713EB800317B7B /* RMCodeTestTests */,
				4E52DDFA2A713EB800317B7B /* RMCodeTestUITests */,
			);
		};
/* End PBXProject section */

/* Begin PBXResourcesBuildPhase section */
		4E52DDD92A713EB600317B7B /* Resources */ = {
			isa = PBXResourcesBuildPhase;
			buildActionMask = 2147483647;
			files = (
				4E52DDEB2A713EB800317B7B /* LaunchScreen.storyboard in Resources */,
				4E52DDE82A713EB800317B7B /* Assets.xcassets in Resources */,
				4E322C502A71901100A51D08 /* HomeViewController.xib in Resources */,
				4E322C552A7190A100A51D08 /* CharacterCell.xib in Resources */,
			);
			runOnlyForDeploymentPostprocessing = 0;
		};
		4E52DDEF2A713EB800317B7B /* Resources */ = {
			isa = PBXResourcesBuildPhase;
			buildActionMask = 2147483647;
			files = (
			);
			runOnlyForDeploymentPostprocessing = 0;
		};
		4E52DDF92A713EB800317B7B /* Resources */ = {
			isa = PBXResourcesBuildPhase;
			buildActionMask = 2147483647;
			files = (
			);
			runOnlyForDeploymentPostprocessing = 0;
		};
/* End PBXResourcesBuildPhase section */

/* Begin PBXSourcesBuildPhase section */
		4E52DDD72A713EB600317B7B /* Sources */ = {
			isa = PBXSourcesBuildPhase;
			buildActionMask = 2147483647;
			files = (
				4E322C3D2A717B1000A51D08 /* CharacterDTO.swift in Sources */,
				4E322C4E2A7182AF00A51D08 /* HomeProtocols.swift in Sources */,
				4E52DE262A71481D00317B7B /* CharacterLocalDatasource.swift in Sources */,
				4E322C562A7190A100A51D08 /* CharacterCell.swift in Sources */,
				4E322C462A7181C300A51D08 /* HomeViewController.swift in Sources */,
				4E322C4A2A71828B00A51D08 /* HomeBuilder.swift in Sources */,
				4E322C482A7181D900A51D08 /* HomeViewModel.swift in Sources */,
				4E52DE2F2A714B0B00317B7B /* BaseViewController.swift in Sources */,
				4E52DE282A71492000317B7B /* CharacterNetworkDatasource.swift in Sources */,
				4E52DE332A714B3D00317B7B /* ViewModelProtocol.swift in Sources */,
				4E52DE1E2A7145C200317B7B /* Pagination.swift in Sources */,
				4E322C372A717A8D00A51D08 /* CacheManager.swift in Sources */,
				4E52DE242A71480300317B7B /* CharacterDatasourceProtocol.swift in Sources */,
				4E322C3B2A717ACD00A51D08 /* UIImageView.swift in Sources */,
				4E52DDDF2A713EB600317B7B /* AppDelegate.swift in Sources */,
				4E322C402A717CC500A51D08 /* CharacterRepository.swift in Sources */,
				4E52DDE12A713EB600317B7B /* SceneDelegate.swift in Sources */,
				4E52DE2D2A71494900317B7B /* Container.swift in Sources */,
				4E52DE312A714B2300317B7B /* BuilderProtocol.swift in Sources */,
				4E322C392A717AAD00A51D08 /* NetworkManager.swift in Sources */,
				4E52DE1C2A7145B200317B7B /* CharacterUseCase.swift in Sources */,
				4E52DE2B2A71493800317B7B /* PaginationDTO.swift in Sources */,
				4E322C422A717D0A00A51D08 /* Character.swift in Sources */,
				4E322C4C2A71829B00A51D08 /* HomeRouter.swift in Sources */,
			);
			runOnlyForDeploymentPostprocessing = 0;
		};
		4E52DDED2A713EB800317B7B /* Sources */ = {
			isa = PBXSourcesBuildPhase;
			buildActionMask = 2147483647;
			files = (
				4E52DDF62A713EB800317B7B /* RMCodeTestTests.swift in Sources */,
			);
			runOnlyForDeploymentPostprocessing = 0;
		};
		4E52DDF72A713EB800317B7B /* Sources */ = {
			isa = PBXSourcesBuildPhase;
			buildActionMask = 2147483647;
			files = (
				4E52DE022A713EB800317B7B /* RMCodeTestUITestsLaunchTests.swift in Sources */,
				4E52DE002A713EB800317B7B /* RMCodeTestUITests.swift in Sources */,
			);
			runOnlyForDeploymentPostprocessing = 0;
		};
/* End PBXSourcesBuildPhase section */

/* Begin PBXTargetDependency section */
		4E52DDF32A713EB800317B7B /* PBXTargetDependency */ = {
			isa = PBXTargetDependency;
			target = 4E52DDDA2A713EB600317B7B /* RMCodeTest */;
			targetProxy = 4E52DDF22A713EB800317B7B /* PBXContainerItemProxy */;
		};
		4E52DDFD2A713EB800317B7B /* PBXTargetDependency */ = {
			isa = PBXTargetDependency;
			target = 4E52DDDA2A713EB600317B7B /* RMCodeTest */;
			targetProxy = 4E52DDFC2A713EB800317B7B /* PBXContainerItemProxy */;
		};
/* End PBXTargetDependency section */

/* Begin PBXVariantGroup section */
		4E52DDE92A713EB800317B7B /* LaunchScreen.storyboard */ = {
			isa = PBXVariantGroup;
			children = (
				4E52DDEA2A713EB800317B7B /* Base */,
			);
			name = LaunchScreen.storyboard;
			sourceTree = "<group>";
		};
/* End PBXVariantGroup section */

/* Begin XCBuildConfiguration section */
		4E52DE032A713EB800317B7B /* Debug */ = {
			isa = XCBuildConfiguration;
			buildSettings = {
				ALWAYS_SEARCH_USER_PATHS = NO;
				CLANG_ANALYZER_NONNULL = YES;
				CLANG_ANALYZER_NUMBER_OBJECT_CONVERSION = YES_AGGRESSIVE;
				CLANG_CXX_LANGUAGE_STANDARD = "gnu++20";
				CLANG_ENABLE_MODULES = YES;
				CLANG_ENABLE_OBJC_ARC = YES;
				CLANG_ENABLE_OBJC_WEAK = YES;
				CLANG_WARN_BLOCK_CAPTURE_AUTORELEASING = YES;
				CLANG_WARN_BOOL_CONVERSION = YES;
				CLANG_WARN_COMMA = YES;
				CLANG_WARN_CONSTANT_CONVERSION = YES;
				CLANG_WARN_DEPRECATED_OBJC_IMPLEMENTATIONS = YES;
				CLANG_WARN_DIRECT_OBJC_ISA_USAGE = YES_ERROR;
				CLANG_WARN_DOCUMENTATION_COMMENTS = YES;
				CLANG_WARN_EMPTY_BODY = YES;
				CLANG_WARN_ENUM_CONVERSION = YES;
				CLANG_WARN_INFINITE_RECURSION = YES;
				CLANG_WARN_INT_CONVERSION = YES;
				CLANG_WARN_NON_LITERAL_NULL_CONVERSION = YES;
				CLANG_WARN_OBJC_IMPLICIT_RETAIN_SELF = YES;
				CLANG_WARN_OBJC_LITERAL_CONVERSION = YES;
				CLANG_WARN_OBJC_ROOT_CLASS = YES_ERROR;
				CLANG_WARN_QUOTED_INCLUDE_IN_FRAMEWORK_HEADER = YES;
				CLANG_WARN_RANGE_LOOP_ANALYSIS = YES;
				CLANG_WARN_STRICT_PROTOTYPES = YES;
				CLANG_WARN_SUSPICIOUS_MOVE = YES;
				CLANG_WARN_UNGUARDED_AVAILABILITY = YES_AGGRESSIVE;
				CLANG_WARN_UNREACHABLE_CODE = YES;
				CLANG_WARN__DUPLICATE_METHOD_MATCH = YES;
				COPY_PHASE_STRIP = NO;
				DEBUG_INFORMATION_FORMAT = dwarf;
				ENABLE_STRICT_OBJC_MSGSEND = YES;
				ENABLE_TESTABILITY = YES;
				GCC_C_LANGUAGE_STANDARD = gnu11;
				GCC_DYNAMIC_NO_PIC = NO;
				GCC_NO_COMMON_BLOCKS = YES;
				GCC_OPTIMIZATION_LEVEL = 0;
				GCC_PREPROCESSOR_DEFINITIONS = (
					"DEBUG=1",
					"$(inherited)",
				);
				GCC_WARN_64_TO_32_BIT_CONVERSION = YES;
				GCC_WARN_ABOUT_RETURN_TYPE = YES_ERROR;
				GCC_WARN_UNDECLARED_SELECTOR = YES;
				GCC_WARN_UNINITIALIZED_AUTOS = YES_AGGRESSIVE;
				GCC_WARN_UNUSED_FUNCTION = YES;
				GCC_WARN_UNUSED_VARIABLE = YES;
				IPHONEOS_DEPLOYMENT_TARGET = 16.4;
				MTL_ENABLE_DEBUG_INFO = INCLUDE_SOURCE;
				MTL_FAST_MATH = YES;
				ONLY_ACTIVE_ARCH = YES;
				SDKROOT = iphoneos;
				SWIFT_ACTIVE_COMPILATION_CONDITIONS = DEBUG;
				SWIFT_OPTIMIZATION_LEVEL = "-Onone";
			};
			name = Debug;
		};
		4E52DE042A713EB800317B7B /* Release */ = {
			isa = XCBuildConfiguration;
			buildSettings = {
				ALWAYS_SEARCH_USER_PATHS = NO;
				CLANG_ANALYZER_NONNULL = YES;
				CLANG_ANALYZER_NUMBER_OBJECT_CONVERSION = YES_AGGRESSIVE;
				CLANG_CXX_LANGUAGE_STANDARD = "gnu++20";
				CLANG_ENABLE_MODULES = YES;
				CLANG_ENABLE_OBJC_ARC = YES;
				CLANG_ENABLE_OBJC_WEAK = YES;
				CLANG_WARN_BLOCK_CAPTURE_AUTORELEASING = YES;
				CLANG_WARN_BOOL_CONVERSION = YES;
				CLANG_WARN_COMMA = YES;
				CLANG_WARN_CONSTANT_CONVERSION = YES;
				CLANG_WARN_DEPRECATED_OBJC_IMPLEMENTATIONS = YES;
				CLANG_WARN_DIRECT_OBJC_ISA_USAGE = YES_ERROR;
				CLANG_WARN_DOCUMENTATION_COMMENTS = YES;
				CLANG_WARN_EMPTY_BODY = YES;
				CLANG_WARN_ENUM_CONVERSION = YES;
				CLANG_WARN_INFINITE_RECURSION = YES;
				CLANG_WARN_INT_CONVERSION = YES;
				CLANG_WARN_NON_LITERAL_NULL_CONVERSION = YES;
				CLANG_WARN_OBJC_IMPLICIT_RETAIN_SELF = YES;
				CLANG_WARN_OBJC_LITERAL_CONVERSION = YES;
				CLANG_WARN_OBJC_ROOT_CLASS = YES_ERROR;
				CLANG_WARN_QUOTED_INCLUDE_IN_FRAMEWORK_HEADER = YES;
				CLANG_WARN_RANGE_LOOP_ANALYSIS = YES;
				CLANG_WARN_STRICT_PROTOTYPES = YES;
				CLANG_WARN_SUSPICIOUS_MOVE = YES;
				CLANG_WARN_UNGUARDED_AVAILABILITY = YES_AGGRESSIVE;
				CLANG_WARN_UNREACHABLE_CODE = YES;
				CLANG_WARN__DUPLICATE_METHOD_MATCH = YES;
				COPY_PHASE_STRIP = NO;
				DEBUG_INFORMATION_FORMAT = "dwarf-with-dsym";
				ENABLE_NS_ASSERTIONS = NO;
				ENABLE_STRICT_OBJC_MSGSEND = YES;
				GCC_C_LANGUAGE_STANDARD = gnu11;
				GCC_NO_COMMON_BLOCKS = YES;
				GCC_WARN_64_TO_32_BIT_CONVERSION = YES;
				GCC_WARN_ABOUT_RETURN_TYPE = YES_ERROR;
				GCC_WARN_UNDECLARED_SELECTOR = YES;
				GCC_WARN_UNINITIALIZED_AUTOS = YES_AGGRESSIVE;
				GCC_WARN_UNUSED_FUNCTION = YES;
				GCC_WARN_UNUSED_VARIABLE = YES;
				IPHONEOS_DEPLOYMENT_TARGET = 16.4;
				MTL_ENABLE_DEBUG_INFO = NO;
				MTL_FAST_MATH = YES;
				SDKROOT = iphoneos;
				SWIFT_COMPILATION_MODE = wholemodule;
				SWIFT_OPTIMIZATION_LEVEL = "-O";
				VALIDATE_PRODUCT = YES;
			};
			name = Release;
		};
		4E52DE062A713EB800317B7B /* Debug */ = {
			isa = XCBuildConfiguration;
			buildSettings = {
				ASSETCATALOG_COMPILER_APPICON_NAME = AppIcon;
				ASSETCATALOG_COMPILER_GLOBAL_ACCENT_COLOR_NAME = AccentColor;
				CODE_SIGN_STYLE = Automatic;
				CURRENT_PROJECT_VERSION = 1;
				DEVELOPMENT_TEAM = 9C869YVJ3K;
				GENERATE_INFOPLIST_FILE = YES;
				INFOPLIST_FILE = RMCodeTest/Resources/Info.plist;
				INFOPLIST_KEY_UIApplicationSupportsIndirectInputEvents = YES;
				INFOPLIST_KEY_UILaunchStoryboardName = LaunchScreen;
				INFOPLIST_KEY_UISupportedInterfaceOrientations = UIInterfaceOrientationPortrait;
				INFOPLIST_KEY_UISupportedInterfaceOrientations_iPad = "UIInterfaceOrientationLandscapeLeft UIInterfaceOrientationLandscapeRight UIInterfaceOrientationPortrait UIInterfaceOrientationPortraitUpsideDown";
				IPHONEOS_DEPLOYMENT_TARGET = 15.0;
				LD_RUNPATH_SEARCH_PATHS = (
					"$(inherited)",
					"@executable_path/Frameworks",
				);
				MARKETING_VERSION = 1.0;
				PRODUCT_BUNDLE_IDENTIFIER = com.joan.RMCodeTest;
				PRODUCT_NAME = "$(TARGET_NAME)";
				SUPPORTED_PLATFORMS = "iphoneos iphonesimulator";
				SUPPORTS_MACCATALYST = NO;
				SUPPORTS_MAC_DESIGNED_FOR_IPHONE_IPAD = NO;
				SWIFT_EMIT_LOC_STRINGS = YES;
				SWIFT_VERSION = 5.0;
				TARGETED_DEVICE_FAMILY = 1;
			};
			name = Debug;
		};
		4E52DE072A713EB800317B7B /* Release */ = {
			isa = XCBuildConfiguration;
			buildSettings = {
				ASSETCATALOG_COMPILER_APPICON_NAME = AppIcon;
				ASSETCATALOG_COMPILER_GLOBAL_ACCENT_COLOR_NAME = AccentColor;
				CODE_SIGN_STYLE = Automatic;
				CURRENT_PROJECT_VERSION = 1;
				DEVELOPMENT_TEAM = 9C869YVJ3K;
				GENERATE_INFOPLIST_FILE = YES;
				INFOPLIST_FILE = RMCodeTest/Resources/Info.plist;
				INFOPLIST_KEY_UIApplicationSupportsIndirectInputEvents = YES;
				INFOPLIST_KEY_UILaunchStoryboardName = LaunchScreen;
				INFOPLIST_KEY_UISupportedInterfaceOrientations = UIInterfaceOrientationPortrait;
				INFOPLIST_KEY_UISupportedInterfaceOrientations_iPad = "UIInterfaceOrientationLandscapeLeft UIInterfaceOrientationLandscapeRight UIInterfaceOrientationPortrait UIInterfaceOrientationPortraitUpsideDown";
				IPHONEOS_DEPLOYMENT_TARGET = 15.0;
				LD_RUNPATH_SEARCH_PATHS = (
					"$(inherited)",
					"@executable_path/Frameworks",
				);
				MARKETING_VERSION = 1.0;
				PRODUCT_BUNDLE_IDENTIFIER = com.joan.RMCodeTest;
				PRODUCT_NAME = "$(TARGET_NAME)";
				SUPPORTED_PLATFORMS = "iphoneos iphonesimulator";
				SUPPORTS_MACCATALYST = NO;
				SUPPORTS_MAC_DESIGNED_FOR_IPHONE_IPAD = NO;
				SWIFT_EMIT_LOC_STRINGS = YES;
				SWIFT_VERSION = 5.0;
				TARGETED_DEVICE_FAMILY = 1;
			};
			name = Release;
		};
		4E52DE092A713EB800317B7B /* Debug */ = {
			isa = XCBuildConfiguration;
			buildSettings = {
				ALWAYS_EMBED_SWIFT_STANDARD_LIBRARIES = YES;
				BUNDLE_LOADER = "$(TEST_HOST)";
				CODE_SIGN_STYLE = Automatic;
				CURRENT_PROJECT_VERSION = 1;
				DEVELOPMENT_TEAM = 9C869YVJ3K;
				GENERATE_INFOPLIST_FILE = YES;
				IPHONEOS_DEPLOYMENT_TARGET = 16.4;
				MARKETING_VERSION = 1.0;
				PRODUCT_BUNDLE_IDENTIFIER = com.joan.RMCodeTestTests;
				PRODUCT_NAME = "$(TARGET_NAME)";
				SWIFT_EMIT_LOC_STRINGS = NO;
				SWIFT_VERSION = 5.0;
				TARGETED_DEVICE_FAMILY = "1,2";
				TEST_HOST = "$(BUILT_PRODUCTS_DIR)/RMCodeTest.app/$(BUNDLE_EXECUTABLE_FOLDER_PATH)/RMCodeTest";
			};
			name = Debug;
		};
		4E52DE0A2A713EB800317B7B /* Release */ = {
			isa = XCBuildConfiguration;
			buildSettings = {
				ALWAYS_EMBED_SWIFT_STANDARD_LIBRARIES = YES;
				BUNDLE_LOADER = "$(TEST_HOST)";
				CODE_SIGN_STYLE = Automatic;
				CURRENT_PROJECT_VERSION = 1;
				DEVELOPMENT_TEAM = 9C869YVJ3K;
				GENERATE_INFOPLIST_FILE = YES;
				IPHONEOS_DEPLOYMENT_TARGET = 16.4;
				MARKETING_VERSION = 1.0;
				PRODUCT_BUNDLE_IDENTIFIER = com.joan.RMCodeTestTests;
				PRODUCT_NAME = "$(TARGET_NAME)";
				SWIFT_EMIT_LOC_STRINGS = NO;
				SWIFT_VERSION = 5.0;
				TARGETED_DEVICE_FAMILY = "1,2";
				TEST_HOST = "$(BUILT_PRODUCTS_DIR)/RMCodeTest.app/$(BUNDLE_EXECUTABLE_FOLDER_PATH)/RMCodeTest";
			};
			name = Release;
		};
		4E52DE0C2A713EB800317B7B /* Debug */ = {
			isa = XCBuildConfiguration;
			buildSettings = {
				ALWAYS_EMBED_SWIFT_STANDARD_LIBRARIES = YES;
				CODE_SIGN_STYLE = Automatic;
				CURRENT_PROJECT_VERSION = 1;
				DEVELOPMENT_TEAM = 9C869YVJ3K;
				GENERATE_INFOPLIST_FILE = YES;
				MARKETING_VERSION = 1.0;
				PRODUCT_BUNDLE_IDENTIFIER = com.joan.RMCodeTestUITests;
				PRODUCT_NAME = "$(TARGET_NAME)";
				SWIFT_EMIT_LOC_STRINGS = NO;
				SWIFT_VERSION = 5.0;
				TARGETED_DEVICE_FAMILY = "1,2";
				TEST_TARGET_NAME = RMCodeTest;
			};
			name = Debug;
		};
		4E52DE0D2A713EB800317B7B /* Release */ = {
			isa = XCBuildConfiguration;
			buildSettings = {
				ALWAYS_EMBED_SWIFT_STANDARD_LIBRARIES = YES;
				CODE_SIGN_STYLE = Automatic;
				CURRENT_PROJECT_VERSION = 1;
				DEVELOPMENT_TEAM = 9C869YVJ3K;
				GENERATE_INFOPLIST_FILE = YES;
				MARKETING_VERSION = 1.0;
				PRODUCT_BUNDLE_IDENTIFIER = com.joan.RMCodeTestUITests;
				PRODUCT_NAME = "$(TARGET_NAME)";
				SWIFT_EMIT_LOC_STRINGS = NO;
				SWIFT_VERSION = 5.0;
				TARGETED_DEVICE_FAMILY = "1,2";
				TEST_TARGET_NAME = RMCodeTest;
			};
			name = Release;
		};
/* End XCBuildConfiguration section */

/* Begin XCConfigurationList section */
		4E52DDD62A713EB600317B7B /* Build configuration list for PBXProject "RMCodeTest" */ = {
			isa = XCConfigurationList;
			buildConfigurations = (
				4E52DE032A713EB800317B7B /* Debug */,
				4E52DE042A713EB800317B7B /* Release */,
			);
			defaultConfigurationIsVisible = 0;
			defaultConfigurationName = Release;
		};
		4E52DE052A713EB800317B7B /* Build configuration list for PBXNativeTarget "RMCodeTest" */ = {
			isa = XCConfigurationList;
			buildConfigurations = (
				4E52DE062A713EB800317B7B /* Debug */,
				4E52DE072A713EB800317B7B /* Release */,
			);
			defaultConfigurationIsVisible = 0;
			defaultConfigurationName = Release;
		};
		4E52DE082A713EB800317B7B /* Build configuration list for PBXNativeTarget "RMCodeTestTests" */ = {
			isa = XCConfigurationList;
			buildConfigurations = (
				4E52DE092A713EB800317B7B /* Debug */,
				4E52DE0A2A713EB800317B7B /* Release */,
			);
			defaultConfigurationIsVisible = 0;
			defaultConfigurationName = Release;
		};
		4E52DE0B2A713EB800317B7B /* Build configuration list for PBXNativeTarget "RMCodeTestUITests" */ = {
			isa = XCConfigurationList;
			buildConfigurations = (
				4E52DE0C2A713EB800317B7B /* Debug */,
				4E52DE0D2A713EB800317B7B /* Release */,
			);
			defaultConfigurationIsVisible = 0;
			defaultConfigurationName = Release;
		};
/* End XCConfigurationList section */
	};
	rootObject = 4E52DDD32A713EB600317B7B /* Project object */;
}
